
Microsoft Visual Studio Solution File, Format Version 12.00
# Visual Studio Version 16
VisualStudioVersion = 16.0.31424.327
MinimumVisualStudioVersion = 10.0.40219.1
Project("{FAE04EC0-301F-11D3-BF4B-00C04F79EFBC}") = "NewBlazorRedux", "NewBlazorRedux\NewBlazorRedux.csproj", "{3EEDD167-E249-4363-93AC-9BAACE6566B3}"
EndProject
Global
	GlobalSection(SolutionConfigurationPlatforms) = preSolution
		Debug|Any CPU = Debug|Any CPU
		Release|Any CPU = Release|Any CPU
	EndGlobalSection
	GlobalSection(ProjectConfigurationPlatforms) = postSolution
		{3EEDD167-E249-4363-93AC-9BAACE6566B3}.Debug|Any CPU.ActiveCfg = Debug|Any CPU
		{3EEDD167-E249-4363-93AC-9BAACE6566B3}.Debug|Any CPU.Build.0 = Debug|Any CPU
		{3EEDD167-E249-4363-93AC-9BAACE6566B3}.Release|Any CPU.ActiveCfg = Release|Any CPU
		{3EEDD167-E249-4363-93AC-9BAACE6566B3}.Release|Any CPU.Build.0 = Release|Any CPU
	EndGlobalSection
	GlobalSection(SolutionProperties) = preSolution
		HideSolutionNode = FALSE
	EndGlobalSection
	GlobalSection(ExtensibilityGlobals) = postSolution
		SolutionGuid = {A76FA1B9-6571-4BC7-A499-76EE68FD9B6C}
	EndGlobalSection
EndGlobal
